
Microsoft Visual Studio Solution File, Format Version 12.00
# Visual Studio Version 16
VisualStudioVersion = 16.0.31624.102
MinimumVisualStudioVersion = 10.0.40219.1
Project("{FAE04EC0-301F-11D3-BF4B-00C04F79EFBC}") = "GameLibrary", "GameLibrary\GameLibrary.csproj", "{7503887D-5DB1-4BE5-8CFF-D1887535DE66}"
EndProject
Global
	GlobalSection(SolutionConfigurationPlatforms) = preSolution
		Debug|Any CPU = Debug|Any CPU
		Release|Any CPU = Release|Any CPU
	EndGlobalSection
	GlobalSection(ProjectConfigurationPlatforms) = postSolution
		{7503887D-5DB1-4BE5-8CFF-D1887535DE66}.Debug|Any CPU.ActiveCfg = Debug|Any CPU
		{7503887D-5DB1-4BE5-8CFF-D1887535DE66}.Debug|Any CPU.Build.0 = Debug|Any CPU
		{7503887D-5DB1-4BE5-8CFF-D1887535DE66}.Release|Any CPU.ActiveCfg = Release|Any CPU
		{7503887D-5DB1-4BE5-8CFF-D1887535DE66}.Release|Any CPU.Build.0 = Release|Any CPU
	EndGlobalSection
	GlobalSection(SolutionProperties) = preSolution
		HideSolutionNode = FALSE
	EndGlobalSection
	GlobalSection(ExtensibilityGlobals) = postSolution
		SolutionGuid = {E858E888-2EC9-4D66-8AE9-2D64D0DD3474}
	EndGlobalSection
EndGlobal
